// !$*UTF8*$!
{
	archiveVersion = 1;
	classes = {
	};
	objectVersion = 46;
	objects = {

/* Begin PBXBuildFile section */
		5FF2E9E01CEAEB8400BD2D49 /* AppDelegate.swift in Sources */ = {isa = PBXBuildFile; fileRef = 5FF2E9DF1CEAEB8400BD2D49 /* AppDelegate.swift */; };
		5FF2E9E21CEAEB8400BD2D49 /* MasterVC.swift in Sources */ = {isa = PBXBuildFile; fileRef = 5FF2E9E11CEAEB8400BD2D49 /* MasterVC.swift */; };
		5FF2E9E51CEAEB8400BD2D49 /* Main.storyboard in Resources */ = {isa = PBXBuildFile; fileRef = 5FF2E9E31CEAEB8400BD2D49 /* Main.storyboard */; };
		5FF2E9E71CEAEB8400BD2D49 /* Assets.xcassets in Resources */ = {isa = PBXBuildFile; fileRef = 5FF2E9E61CEAEB8400BD2D49 /* Assets.xcassets */; };
		5FF2E9EA1CEAEB8400BD2D49 /* LaunchScreen.storyboard in Resources */ = {isa = PBXBuildFile; fileRef = 5FF2E9E81CEAEB8400BD2D49 /* LaunchScreen.storyboard */; };
		5FF2E9F21CEAEC1800BD2D49 /* DetailVC.swift in Sources */ = {isa = PBXBuildFile; fileRef = 5FF2E9F11CEAEC1800BD2D49 /* DetailVC.swift */; };
		5FF2EA5A1CEB732400BD2D49 /* PassDataDelegate.swift in Sources */ = {isa = PBXBuildFile; fileRef = 5FF2EA591CEB732400BD2D49 /* PassDataDelegate.swift */; };
/* End PBXBuildFile section */

/* Begin PBXFileReference section */
		5FF2E9DC1CEAEB8300BD2D49 /* 代理传值.app */ = {isa = PBXFileReference; explicitFileType = wrapper.application; includeInIndex = 0; path = "代理传值.app"; sourceTree = BUILT_PRODUCTS_DIR; };
		5FF2E9DF1CEAEB8400BD2D49 /* AppDelegate.swift */ = {isa = PBXFileReference; lastKnownFileType = sourcecode.swift; path = AppDelegate.swift; sourceTree = "<group>"; };
		5FF2E9E11CEAEB8400BD2D49 /* MasterVC.swift */ = {isa = PBXFileReference; lastKnownFileType = sourcecode.swift; path = MasterVC.swift; sourceTree = "<group>"; };
		5FF2E9E41CEAEB8400BD2D49 /* Base */ = {isa = PBXFileReference; lastKnownFileType = file.storyboard; name = Base; path = Base.lproj/Main.storyboard; sourceTree = "<group>"; };
		5FF2E9E61CEAEB8400BD2D49 /* Assets.xcassets */ = {isa = PBXFileReference; lastKnownFileType = folder.assetcatalog; path = Assets.xcassets; sourceTree = "<group>"; };
		5FF2E9E91CEAEB8400BD2D49 /* Base */ = {isa = PBXFileReference; lastKnownFileType = file.storyboard; name = Base; path = Base.lproj/LaunchScreen.storyboard; sourceTree = "<group>"; };
		5FF2E9EB1CEAEB8400BD2D49 /* Info.plist */ = {isa = PBXFileReference; lastKnownFileType = text.plist.xml; path = Info.plist; sourceTree = "<group>"; };
		5FF2E9F11CEAEC1800BD2D49 /* DetailVC.swift */ = {isa = PBXFileReference; fileEncoding = 4; lastKnownFileType = sourcecode.swift; path = DetailVC.swift; sourceTree = "<group>"; };
		5FF2EA591CEB732400BD2D49 /* PassDataDelegate.swift */ = {isa = PBXFileReference; fileEncoding = 4; lastKnownFileType = sourcecode.swift; path = PassDataDelegate.swift; sourceTree = "<group>"; };
/* End PBXFileReference section */

/* Begin PBXFrameworksBuildPhase section */
		5FF2E9D91CEAEB8300BD2D49 /* Frameworks */ = {
			isa = PBXFrameworksBuildPhase;
			buildActionMask = 2147483647;
			files = (
			);
			runOnlyForDeploymentPostprocessing = 0;
		};
/* End PBXFrameworksBuildPhase section */

/* Begin PBXGroup section */
		5FF2E9D31CEAEB8300BD2D49 = {
			isa = PBXGroup;
			children = (
				5FF2E9DE1CEAEB8400BD2D49 /* 代理传值 */,
				5FF2E9DD1CEAEB8300BD2D49 /* Products */,
			);
			sourceTree = "<group>";
		};
		5FF2E9DD1CEAEB8300BD2D49 /* Products */ = {
			isa = PBXGroup;
			children = (
				5FF2E9DC1CEAEB8300BD2D49 /* 代理传值.app */,
			);
			name = Products;
			sourceTree = "<group>";
		};
		5FF2E9DE1CEAEB8400BD2D49 /* 代理传值 */ = {
			isa = PBXGroup;
			children = (
				5FF2E9DF1CEAEB8400BD2D49 /* AppDelegate.swift */,
				5FF2EA591CEB732400BD2D49 /* PassDataDelegate.swift */,
				5FF2E9E11CEAEB8400BD2D49 /* MasterVC.swift */,
				5FF2E9F11CEAEC1800BD2D49 /* DetailVC.swift */,
				5FF2E9E61CEAEB8400BD2D49 /* Assets.xcassets */,
				5FF2E9E81CEAEB8400BD2D49 /* LaunchScreen.storyboard */,
				5FF2E9E31CEAEB8400BD2D49 /* Main.storyboard */,
				5FF2E9EB1CEAEB8400BD2D49 /* Info.plist */,
			);
			path = "代理传值";
			sourceTree = "<group>";
		};
/* End PBXGroup section */

/* Begin PBXNativeTarget section */
		5FF2E9DB1CEAEB8300BD2D49 /* 代理传值 */ = {
			isa = PBXNativeTarget;
			buildConfigurationList = 5FF2E9EE1CEAEB8400BD2D49 /* Build configuration list for PBXNativeTarget "代理传值" */;
			buildPhases = (
				5FF2E9D81CEAEB8300BD2D49 /* Sources */,
				5FF2E9D91CEAEB8300BD2D49 /* Frameworks */,
				5FF2E9DA1CEAEB8300BD2D49 /* Resources */,
			);
			buildRules = (
			);
			dependencies = (
			);
			name = "代理传值";
			productName = "代理传值";
			productReference = 5FF2E9DC1CEAEB8300BD2D49 /* 代理传值.app */;
			productType = "com.apple.product-type.application";
		};
/* End PBXNativeTarget section */

/* Begin PBXProject section */
		5FF2E9D41CEAEB8300BD2D49 /* Project object */ = {
			isa = PBXProject;
			attributes = {
				LastSwiftUpdateCheck = 0730;
				LastUpgradeCheck = 0730;
				ORGANIZATIONNAME = "徐开源";
				TargetAttributes = {
					5FF2E9DB1CEAEB8300BD2D49 = {
						CreatedOnToolsVersion = 7.3;
					};
				};
			};
			buildConfigurationList = 5FF2E9D71CEAEB8300BD2D49 /* Build configuration list for PBXProject "代理传值" */;
			compatibilityVersion = "Xcode 3.2";
			developmentRegion = English;
			hasScannedForEncodings = 0;
			knownRegions = (
				en,
				Base,
			);
			mainGroup = 5FF2E9D31CEAEB8300BD2D49;
			productRefGroup = 5FF2E9DD1CEAEB8300BD2D49 /* Products */;
			projectDirPath = "";
			projectRoot = "";
			targets = (
				5FF2E9DB1CEAEB8300BD2D49 /* 代理传值 */,
			);
		};
/* End PBXProject section */

/* Begin PBXResourcesBuildPhase section */
		5FF2E9DA1CEAEB8300BD2D49 /* Resources */ = {
			isa = PBXResourcesBuildPhase;
			buildActionMask = 2147483647;
			files = (
				5FF2E9EA1CEAEB8400BD2D49 /* LaunchScreen.storyboard in Resources */,
				5FF2E9E71CEAEB8400BD2D49 /* Assets.xcassets in Resources */,
				5FF2E9E51CEAEB8400BD2D49 /* Main.storyboard in Resources */,
			);
			runOnlyForDeploymentPostprocessing = 0;
		};
/* End PBXResourcesBuildPhase section */

/* Begin PBXSourcesBuildPhase section */
		5FF2E9D81CEAEB8300BD2D49 /* Sources */ = {
			isa = PBXSourcesBuildPhase;
			buildActionMask = 2147483647;
			files = (
				5FF2E9E21CEAEB8400BD2D49 /* MasterVC.swift in Sources */,
				5FF2EA5A1CEB732400BD2D49 /* PassDataDelegate.swift in Sources */,
				5FF2E9E01CEAEB8400BD2D49 /* AppDelegate.swift in Sources */,
				5FF2E9F21CEAEC1800BD2D49 /* DetailVC.swift in Sources */,
			);
			runOnlyForDeploymentPostprocessing = 0;
		};
/* End PBXSourcesBuildPhase section */

/* Begin PBXVariantGroup section */
		5FF2E9E31CEAEB8400BD2D49 /* Main.storyboard */ = {
			isa = PBXVariantGroup;
			children = (
				5FF2E9E41CEAEB8400BD2D49 /* Base */,
			);
			name = Main.storyboard;
			sourceTree = "<group>";
		};
		5FF2E9E81CEAEB8400BD2D49 /* LaunchScreen.storyboard */ = {
			isa = PBXVariantGroup;
			children = (
				5FF2E9E91CEAEB8400BD2D49 /* Base */,
			);
			name = LaunchScreen.storyboard;
			sourceTree = "<group>";
		};
/* End PBXVariantGroup section */

/* Begin XCBuildConfiguration section */
		5FF2E9EC1CEAEB8400BD2D49 /* Debug */ = {
			isa = XCBuildConfiguration;
			buildSettings = {
				ALWAYS_SEARCH_USER_PATHS = NO;
				CLANG_ANALYZER_NONNULL = YES;
				CLANG_CXX_LANGUAGE_STANDARD = "gnu++0x";
				CLANG_CXX_LIBRARY = "libc++";
				CLANG_ENABLE_MODULES = YES;
				CLANG_ENABLE_OBJC_ARC = YES;
				CLANG_WARN_BOOL_CONVERSION = YES;
				CLANG_WARN_CONSTANT_CONVERSION = YES;
				CLANG_WARN_DIRECT_OBJC_ISA_USAGE = YES_ERROR;
				CLANG_WARN_EMPTY_BODY = YES;
				CLANG_WARN_ENUM_CONVERSION = YES;
				CLANG_WARN_INT_CONVERSION = YES;
				CLANG_WARN_OBJC_ROOT_CLASS = YES_ERROR;
				CLANG_WARN_UNREACHABLE_CODE = YES;
				CLANG_WARN__DUPLICATE_METHOD_MATCH = YES;
				"CODE_SIGN_IDENTITY[sdk=iphoneos*]" = "iPhone Developer";
				COPY_PHASE_STRIP = NO;
				DEBUG_INFORMATION_FORMAT = dwarf;
				ENABLE_STRICT_OBJC_MSGSEND = YES;
				ENABLE_TESTABILITY = YES;
				GCC_C_LANGUAGE_STANDARD = gnu99;
				GCC_DYNAMIC_NO_PIC = NO;
				GCC_NO_COMMON_BLOCKS = YES;
				GCC_OPTIMIZATION_LEVEL = 0;
				GCC_PREPROCESSOR_DEFINITIONS = (
					"DEBUG=1",
					"$(inherited)",
				);
				GCC_WARN_64_TO_32_BIT_CONVERSION = YES;
				GCC_WARN_ABOUT_RETURN_TYPE = YES_ERROR;
				GCC_WARN_UNDECLARED_SELECTOR = YES;
				GCC_WARN_UNINITIALIZED_AUTOS = YES_AGGRESSIVE;
				GCC_WARN_UNUSED_FUNCTION = YES;
				GCC_WARN_UNUSED_VARIABLE = YES;
				IPHONEOS_DEPLOYMENT_TARGET = 9.3;
				MTL_ENABLE_DEBUG_INFO = YES;
				ONLY_ACTIVE_ARCH = YES;
				SDKROOT = iphoneos;
				SWIFT_OPTIMIZATION_LEVEL = "-Onone";
				TARGETED_DEVICE_FAMILY = "1,2";
			};
			name = Debug;
		};
		5FF2E9ED1CEAEB8400BD2D49 /* Release */ = {
			isa = XCBuildConfiguration;
			buildSettings = {
				ALWAYS_SEARCH_USER_PATHS = NO;
				CLANG_ANALYZER_NONNULL = YES;
				CLANG_CXX_LANGUAGE_STANDARD = "gnu++0x";
				CLANG_CXX_LIBRARY = "libc++";
				CLANG_ENABLE_MODULES = YES;
				CLANG_ENABLE_OBJC_ARC = YES;
				CLANG_WARN_BOOL_CONVERSION = YES;
				CLANG_WARN_CONSTANT_CONVERSION = YES;
				CLANG_WARN_DIRECT_OBJC_ISA_USAGE = YES_ERROR;
				CLANG_WARN_EMPTY_BODY = YES;
				CLANG_WARN_ENUM_CONVERSION = YES;
				CLANG_WARN_INT_CONVERSION = YES;
				CLANG_WARN_OBJC_ROOT_CLASS = YES_ERROR;
				CLANG_WARN_UNREACHABLE_CODE = YES;
				CLANG_WARN__DUPLICATE_METHOD_MATCH = YES;
				"CODE_SIGN_IDENTITY[sdk=iphoneos*]" = "iPhone Developer";
				COPY_PHASE_STRIP = NO;
				DEBUG_INFORMATION_FORMAT = "dwarf-with-dsym";
				ENABLE_NS_ASSERTIONS = NO;
				ENABLE_STRICT_OBJC_MSGSEND = YES;
				GCC_C_LANGUAGE_STANDARD = gnu99;
				GCC_NO_COMMON_BLOCKS = YES;
				GCC_WARN_64_TO_32_BIT_CONVERSION = YES;
				GCC_WARN_ABOUT_RETURN_TYPE = YES_ERROR;
				GCC_WARN_UNDECLARED_SELECTOR = YES;
				GCC_WARN_UNINITIALIZED_AUTOS = YES_AGGRESSIVE;
				GCC_WARN_UNUSED_FUNCTION = YES;
				GCC_WARN_UNUSED_VARIABLE = YES;
				IPHONEOS_DEPLOYMENT_TARGET = 9.3;
				MTL_ENABLE_DEBUG_INFO = NO;
				SDKROOT = iphoneos;
				TARGETED_DEVICE_FAMILY = "1,2";
				VALIDATE_PRODUCT = YES;
			};
			name = Release;
		};
		5FF2E9EF1CEAEB8400BD2D49 /* Debug */ = {
			isa = XCBuildConfiguration;
			buildSettings = {
				ASSETCATALOG_COMPILER_APPICON_NAME = AppIcon;
				INFOPLIST_FILE = "代理传值/Info.plist";
				LD_RUNPATH_SEARCH_PATHS = "$(inherited) @executable_path/Frameworks";
				PRODUCT_BUNDLE_IDENTIFIER = "com.xky.----";
				PRODUCT_NAME = "$(TARGET_NAME)";
			};
			name = Debug;
		};
		5FF2E9F01CEAEB8400BD2D49 /* Release */ = {
			isa = XCBuildConfiguration;
			buildSettings = {
				ASSETCATALOG_COMPILER_APPICON_NAME = AppIcon;
				INFOPLIST_FILE = "代理传值/Info.plist";
				LD_RUNPATH_SEARCH_PATHS = "$(inherited) @executable_path/Frameworks";
				PRODUCT_BUNDLE_IDENTIFIER = "com.xky.----";
				PRODUCT_NAME = "$(TARGET_NAME)";
			};
			name = Release;
		};
/* End XCBuildConfiguration section */

/* Begin XCConfigurationList section */
		5FF2E9D71CEAEB8300BD2D49 /* Build configuration list for PBXProject "代理传值" */ = {
			isa = XCConfigurationList;
			buildConfigurations = (
				5FF2E9EC1CEAEB8400BD2D49 /* Debug */,
				5FF2E9ED1CEAEB8400BD2D49 /* Release */,
			);
			defaultConfigurationIsVisible = 0;
			defaultConfigurationName = Release;
		};
		5FF2E9EE1CEAEB8400BD2D49 /* Build configuration list for PBXNativeTarget "代理传值" */ = {
			isa = XCConfigurationList;
			buildConfigurations = (
				5FF2E9EF1CEAEB8400BD2D49 /* Debug */,
				5FF2E9F01CEAEB8400BD2D49 /* Release */,
			);
			defaultConfigurationIsVisible = 0;
			defaultConfigurationName = Release;
		};
/* End XCConfigurationList section */
	};
	rootObject = 5FF2E9D41CEAEB8300BD2D49 /* Project object */;
}
